
Microsoft Visual Studio Solution File, Format Version 12.00
# Visual Studio Version 17
VisualStudioVersion = 17.3.32929.385
MinimumVisualStudioVersion = 10.0.40219.1
Project("{FAE04EC0-301F-11D3-BF4B-00C04F79EFBC}") = "NP4", "NP4\NP4.csproj", "{F51620CD-DC10-427A-A285-B504874EA5C7}"
EndProject
Project("{FAE04EC0-301F-11D3-BF4B-00C04F79EFBC}") = "Server", "Server\Server.csproj", "{A3751D33-4F23-467F-BD07-669C9306D613}"
EndProject
Global
	GlobalSection(SolutionConfigurationPlatforms) = preSolution
		Debug|Any CPU = Debug|Any CPU
		Release|Any CPU = Release|Any CPU
	EndGlobalSection
	GlobalSection(ProjectConfigurationPlatforms) = postSolution
		{F51620CD-DC10-427A-A285-B504874EA5C7}.Debug|Any CPU.ActiveCfg = Debug|Any CPU
		{F51620CD-DC10-427A-A285-B504874EA5C7}.Debug|Any CPU.Build.0 = Debug|Any CPU
		{F51620CD-DC10-427A-A285-B504874EA5C7}.Release|Any CPU.ActiveCfg = Release|Any CPU
		{F51620CD-DC10-427A-A285-B504874EA5C7}.Release|Any CPU.Build.0 = Release|Any CPU
		{A3751D33-4F23-467F-BD07-669C9306D613}.Debug|Any CPU.ActiveCfg = Debug|Any CPU
		{A3751D33-4F23-467F-BD07-669C9306D613}.Debug|Any CPU.Build.0 = Debug|Any CPU
		{A3751D33-4F23-467F-BD07-669C9306D613}.Release|Any CPU.ActiveCfg = Release|Any CPU
		{A3751D33-4F23-467F-BD07-669C9306D613}.Release|Any CPU.Build.0 = Release|Any CPU
	EndGlobalSection
	GlobalSection(SolutionProperties) = preSolution
		HideSolutionNode = FALSE
	EndGlobalSection
	GlobalSection(ExtensibilityGlobals) = postSolution
		SolutionGuid = {69CD87DE-3A8F-4D93-B08F-830BB1749E04}
	EndGlobalSection
EndGlobal
